
Microsoft Visual Studio Solution File, Format Version 12.00
# Visual Studio 2013
VisualStudioVersion = 12.0.30501.0
MinimumVisualStudioVersion = 10.0.40219.1
Project("{FAE04EC0-301F-11D3-BF4B-00C04F79EFBC}") = "meshStatus", "meshStatus\meshStatus.csproj", "{7C00A3AC-A071-4DBA-A8E1-014CE560204E}"
	ProjectSection(ProjectDependencies) = postProject
		{2F5F8C90-0BD1-424F-997C-7BC6280919D1} = {2F5F8C90-0BD1-424F-997C-7BC6280919D1}
	EndProjectSection
EndProject
Project("{FAE04EC0-301F-11D3-BF4B-00C04F79EFBC}") = "Renci.SshNet", "..\Renci.SshNet\Renci.SshNet.csproj", "{2F5F8C90-0BD1-424F-997C-7BC6280919D1}"
EndProject
Project("{FAE04EC0-301F-11D3-BF4B-00C04F79EFBC}") = "meshStatusService", "meshStatusService\meshStatusService.csproj", "{7E2626D9-6313-4700-B80A-55DAF63449C8}"
EndProject
Project("{FAE04EC0-301F-11D3-BF4B-00C04F79EFBC}") = "meshUtils", "meshUtils\meshUtils.csproj", "{C11DF84D-A215-4F9D-92FF-C8BE5F09A322}"
EndProject
Project("{6141683F-8A12-4E36-9623-2EB02B2C2303}") = "meshStatusSetup", "meshStatusSetup\meshStatusSetup.isproj", "{2EC8F3CE-FB31-4C3A-808B-01CE030EE4C0}"
	ProjectSection(ProjectDependencies) = postProject
		{C11DF84D-A215-4F9D-92FF-C8BE5F09A322} = {C11DF84D-A215-4F9D-92FF-C8BE5F09A322}
		{2F5F8C90-0BD1-424F-997C-7BC6280919D1} = {2F5F8C90-0BD1-424F-997C-7BC6280919D1}
		{7C00A3AC-A071-4DBA-A8E1-014CE560204E} = {7C00A3AC-A071-4DBA-A8E1-014CE560204E}
		{A9C96BC9-603B-47A2-8DF3-5E1B96094EEA} = {A9C96BC9-603B-47A2-8DF3-5E1B96094EEA}
		{7E2626D9-6313-4700-B80A-55DAF63449C8} = {7E2626D9-6313-4700-B80A-55DAF63449C8}
	EndProjectSection
EndProject
Project("{FAE04EC0-301F-11D3-BF4B-00C04F79EFBC}") = "meshStatusServiceControl", "meshStatusServiceControl\meshStatusServiceControl.csproj", "{A9C96BC9-603B-47A2-8DF3-5E1B96094EEA}"
EndProject
Project("{FAE04EC0-301F-11D3-BF4B-00C04F79EFBC}") = "tcpUtils", "..\tcpUtils\tcpUtils\tcpUtils.csproj", "{BA2C7E76-91ED-4ED2-A7D7-D7857F5DDC30}"
EndProject
Global
	GlobalSection(SolutionConfigurationPlatforms) = preSolution
		CD_ROM|Any CPU = CD_ROM|Any CPU
		Debug|Any CPU = Debug|Any CPU
		DVD-5|Any CPU = DVD-5|Any CPU
		Release|Any CPU = Release|Any CPU
		SingleImage|Any CPU = SingleImage|Any CPU
	EndGlobalSection
	GlobalSection(ProjectConfigurationPlatforms) = postSolution
		{7C00A3AC-A071-4DBA-A8E1-014CE560204E}.CD_ROM|Any CPU.ActiveCfg = Release|Any CPU
		{7C00A3AC-A071-4DBA-A8E1-014CE560204E}.CD_ROM|Any CPU.Build.0 = Release|Any CPU
		{7C00A3AC-A071-4DBA-A8E1-014CE560204E}.Debug|Any CPU.ActiveCfg = Debug|Any CPU
		{7C00A3AC-A071-4DBA-A8E1-014CE560204E}.Debug|Any CPU.Build.0 = Debug|Any CPU
		{7C00A3AC-A071-4DBA-A8E1-014CE560204E}.DVD-5|Any CPU.ActiveCfg = Debug|Any CPU
		{7C00A3AC-A071-4DBA-A8E1-014CE560204E}.DVD-5|Any CPU.Build.0 = Debug|Any CPU
		{7C00A3AC-A071-4DBA-A8E1-014CE560204E}.Release|Any CPU.ActiveCfg = Release|Any CPU
		{7C00A3AC-A071-4DBA-A8E1-014CE560204E}.Release|Any CPU.Build.0 = Release|Any CPU
		{7C00A3AC-A071-4DBA-A8E1-014CE560204E}.SingleImage|Any CPU.ActiveCfg = Release|Any CPU
		{7C00A3AC-A071-4DBA-A8E1-014CE560204E}.SingleImage|Any CPU.Build.0 = Release|Any CPU
		{2F5F8C90-0BD1-424F-997C-7BC6280919D1}.CD_ROM|Any CPU.ActiveCfg = Release|Any CPU
		{2F5F8C90-0BD1-424F-997C-7BC6280919D1}.CD_ROM|Any CPU.Build.0 = Release|Any CPU
		{2F5F8C90-0BD1-424F-997C-7BC6280919D1}.Debug|Any CPU.ActiveCfg = Debug|Any CPU
		{2F5F8C90-0BD1-424F-997C-7BC6280919D1}.Debug|Any CPU.Build.0 = Debug|Any CPU
		{2F5F8C90-0BD1-424F-997C-7BC6280919D1}.DVD-5|Any CPU.ActiveCfg = Debug|Any CPU
		{2F5F8C90-0BD1-424F-997C-7BC6280919D1}.DVD-5|Any CPU.Build.0 = Debug|Any CPU
		{2F5F8C90-0BD1-424F-997C-7BC6280919D1}.Release|Any CPU.ActiveCfg = Release|Any CPU
		{2F5F8C90-0BD1-424F-997C-7BC6280919D1}.Release|Any CPU.Build.0 = Release|Any CPU
		{2F5F8C90-0BD1-424F-997C-7BC6280919D1}.SingleImage|Any CPU.ActiveCfg = Release|Any CPU
		{2F5F8C90-0BD1-424F-997C-7BC6280919D1}.SingleImage|Any CPU.Build.0 = Release|Any CPU
		{7E2626D9-6313-4700-B80A-55DAF63449C8}.CD_ROM|Any CPU.ActiveCfg = Release|Any CPU
		{7E2626D9-6313-4700-B80A-55DAF63449C8}.CD_ROM|Any CPU.Build.0 = Release|Any CPU
		{7E2626D9-6313-4700-B80A-55DAF63449C8}.Debug|Any CPU.ActiveCfg = Debug|Any CPU
		{7E2626D9-6313-4700-B80A-55DAF63449C8}.Debug|Any CPU.Build.0 = Debug|Any CPU
		{7E2626D9-6313-4700-B80A-55DAF63449C8}.DVD-5|Any CPU.ActiveCfg = Debug|Any CPU
		{7E2626D9-6313-4700-B80A-55DAF63449C8}.DVD-5|Any CPU.Build.0 = Debug|Any CPU
		{7E2626D9-6313-4700-B80A-55DAF63449C8}.Release|Any CPU.ActiveCfg = Release|Any CPU
		{7E2626D9-6313-4700-B80A-55DAF63449C8}.Release|Any CPU.Build.0 = Release|Any CPU
		{7E2626D9-6313-4700-B80A-55DAF63449C8}.SingleImage|Any CPU.ActiveCfg = Release|Any CPU
		{7E2626D9-6313-4700-B80A-55DAF63449C8}.SingleImage|Any CPU.Build.0 = Release|Any CPU
		{C11DF84D-A215-4F9D-92FF-C8BE5F09A322}.CD_ROM|Any CPU.ActiveCfg = Release|Any CPU
		{C11DF84D-A215-4F9D-92FF-C8BE5F09A322}.CD_ROM|Any CPU.Build.0 = Release|Any CPU
		{C11DF84D-A215-4F9D-92FF-C8BE5F09A322}.Debug|Any CPU.ActiveCfg = Debug|Any CPU
		{C11DF84D-A215-4F9D-92FF-C8BE5F09A322}.Debug|Any CPU.Build.0 = Debug|Any CPU
		{C11DF84D-A215-4F9D-92FF-C8BE5F09A322}.DVD-5|Any CPU.ActiveCfg = Debug|Any CPU
		{C11DF84D-A215-4F9D-92FF-C8BE5F09A322}.DVD-5|Any CPU.Build.0 = Debug|Any CPU
		{C11DF84D-A215-4F9D-92FF-C8BE5F09A322}.Release|Any CPU.ActiveCfg = Release|Any CPU
		{C11DF84D-A215-4F9D-92FF-C8BE5F09A322}.Release|Any CPU.Build.0 = Release|Any CPU
		{C11DF84D-A215-4F9D-92FF-C8BE5F09A322}.SingleImage|Any CPU.ActiveCfg = Release|Any CPU
		{C11DF84D-A215-4F9D-92FF-C8BE5F09A322}.SingleImage|Any CPU.Build.0 = Release|Any CPU
		{2EC8F3CE-FB31-4C3A-808B-01CE030EE4C0}.CD_ROM|Any CPU.ActiveCfg = CD_ROM
		{2EC8F3CE-FB31-4C3A-808B-01CE030EE4C0}.CD_ROM|Any CPU.Build.0 = CD_ROM
		{2EC8F3CE-FB31-4C3A-808B-01CE030EE4C0}.Debug|Any CPU.ActiveCfg = DVD-5
		{2EC8F3CE-FB31-4C3A-808B-01CE030EE4C0}.Debug|Any CPU.Build.0 = DVD-5
		{2EC8F3CE-FB31-4C3A-808B-01CE030EE4C0}.DVD-5|Any CPU.ActiveCfg = DVD-5
		{2EC8F3CE-FB31-4C3A-808B-01CE030EE4C0}.DVD-5|Any CPU.Build.0 = DVD-5
		{2EC8F3CE-FB31-4C3A-808B-01CE030EE4C0}.Release|Any CPU.ActiveCfg = SingleImage
		{2EC8F3CE-FB31-4C3A-808B-01CE030EE4C0}.Release|Any CPU.Build.0 = SingleImage
		{2EC8F3CE-FB31-4C3A-808B-01CE030EE4C0}.SingleImage|Any CPU.ActiveCfg = SingleImage
		{2EC8F3CE-FB31-4C3A-808B-01CE030EE4C0}.SingleImage|Any CPU.Build.0 = SingleImage
		{A9C96BC9-603B-47A2-8DF3-5E1B96094EEA}.CD_ROM|Any CPU.ActiveCfg = Release|Any CPU
		{A9C96BC9-603B-47A2-8DF3-5E1B96094EEA}.CD_ROM|Any CPU.Build.0 = Release|Any CPU
		{A9C96BC9-603B-47A2-8DF3-5E1B96094EEA}.Debug|Any CPU.ActiveCfg = Debug|Any CPU
		{A9C96BC9-603B-47A2-8DF3-5E1B96094EEA}.Debug|Any CPU.Build.0 = Debug|Any CPU
		{A9C96BC9-603B-47A2-8DF3-5E1B96094EEA}.DVD-5|Any CPU.ActiveCfg = Debug|Any CPU
		{A9C96BC9-603B-47A2-8DF3-5E1B96094EEA}.DVD-5|Any CPU.Build.0 = Debug|Any CPU
		{A9C96BC9-603B-47A2-8DF3-5E1B96094EEA}.Release|Any CPU.ActiveCfg = Release|Any CPU
		{A9C96BC9-603B-47A2-8DF3-5E1B96094EEA}.Release|Any CPU.Build.0 = Release|Any CPU
		{A9C96BC9-603B-47A2-8DF3-5E1B96094EEA}.SingleImage|Any CPU.ActiveCfg = Release|Any CPU
		{A9C96BC9-603B-47A2-8DF3-5E1B96094EEA}.SingleImage|Any CPU.Build.0 = Release|Any CPU
		{BA2C7E76-91ED-4ED2-A7D7-D7857F5DDC30}.CD_ROM|Any CPU.ActiveCfg = Release|Any CPU
		{BA2C7E76-91ED-4ED2-A7D7-D7857F5DDC30}.CD_ROM|Any CPU.Build.0 = Release|Any CPU
		{BA2C7E76-91ED-4ED2-A7D7-D7857F5DDC30}.Debug|Any CPU.ActiveCfg = Debug|Any CPU
		{BA2C7E76-91ED-4ED2-A7D7-D7857F5DDC30}.Debug|Any CPU.Build.0 = Debug|Any CPU
		{BA2C7E76-91ED-4ED2-A7D7-D7857F5DDC30}.DVD-5|Any CPU.ActiveCfg = Debug|Any CPU
		{BA2C7E76-91ED-4ED2-A7D7-D7857F5DDC30}.DVD-5|Any CPU.Build.0 = Debug|Any CPU
		{BA2C7E76-91ED-4ED2-A7D7-D7857F5DDC30}.Release|Any CPU.ActiveCfg = Release|Any CPU
		{BA2C7E76-91ED-4ED2-A7D7-D7857F5DDC30}.Release|Any CPU.Build.0 = Release|Any CPU
		{BA2C7E76-91ED-4ED2-A7D7-D7857F5DDC30}.SingleImage|Any CPU.ActiveCfg = Release|Any CPU
		{BA2C7E76-91ED-4ED2-A7D7-D7857F5DDC30}.SingleImage|Any CPU.Build.0 = Release|Any CPU
	EndGlobalSection
	GlobalSection(SolutionProperties) = preSolution
		HideSolutionNode = FALSE
	EndGlobalSection
EndGlobal
